
Microsoft Visual Studio Solution File, Format Version 12.00
# Visual Studio Version 16
VisualStudioVersion = 16.0.29613.14
MinimumVisualStudioVersion = 10.0.40219.1
Project("{FAE04EC0-301F-11D3-BF4B-00C04F79EFBC}") = "Google Calendar API", "Google Calendar API\Google Calendar API.csproj", "{2BCF707D-5251-4CA0-BD3C-E2C75D34B9AB}"
EndProject
Global
	GlobalSection(SolutionConfigurationPlatforms) = preSolution
		Debug|Any CPU = Debug|Any CPU
		Release|Any CPU = Release|Any CPU
	EndGlobalSection
	GlobalSection(ProjectConfigurationPlatforms) = postSolution
		{2BCF707D-5251-4CA0-BD3C-E2C75D34B9AB}.Debug|Any CPU.ActiveCfg = Debug|Any CPU
		{2BCF707D-5251-4CA0-BD3C-E2C75D34B9AB}.Debug|Any CPU.Build.0 = Debug|Any CPU
		{2BCF707D-5251-4CA0-BD3C-E2C75D34B9AB}.Release|Any CPU.ActiveCfg = Release|Any CPU
		{2BCF707D-5251-4CA0-BD3C-E2C75D34B9AB}.Release|Any CPU.Build.0 = Release|Any CPU
	EndGlobalSection
	GlobalSection(SolutionProperties) = preSolution
		HideSolutionNode = FALSE
	EndGlobalSection
	GlobalSection(ExtensibilityGlobals) = postSolution
		SolutionGuid = {1DD6235A-C86B-4175-84B8-D7CAE68050E9}
	EndGlobalSection
EndGlobal
